// !$*UTF8*$!
{
	archiveVersion = 1;
	classes = {
	};
	objectVersion = 50;
	objects = {

/* Begin PBXBuildFile section */
		842A97A6217E8F6D00CBEAFD /* QuestionController.swift in Sources */ = {isa = PBXBuildFile; fileRef = 842A97A5217E8F6D00CBEAFD /* QuestionController.swift */; };
		842A97A8217E8FDE00CBEAFD /* QuestionsTableViewController.swift in Sources */ = {isa = PBXBuildFile; fileRef = 842A97A7217E8FDE00CBEAFD /* QuestionsTableViewController.swift */; };
		842A97AA217E901F00CBEAFD /* AskQuestionsViewController.swift in Sources */ = {isa = PBXBuildFile; fileRef = 842A97A9217E901F00CBEAFD /* AskQuestionsViewController.swift */; };
		842A97AC217E905F00CBEAFD /* AnswerViewController.swift in Sources */ = {isa = PBXBuildFile; fileRef = 842A97AB217E905F00CBEAFD /* AnswerViewController.swift */; };
		842A97AE217E910400CBEAFD /* QuestionTableViewCell.swift in Sources */ = {isa = PBXBuildFile; fileRef = 842A97AD217E910400CBEAFD /* QuestionTableViewCell.swift */; };
		84F188FA217E71920060973F /* AppDelegate.swift in Sources */ = {isa = PBXBuildFile; fileRef = 84F188F9217E71920060973F /* AppDelegate.swift */; };
		84F188FF217E71920060973F /* Main.storyboard in Resources */ = {isa = PBXBuildFile; fileRef = 84F188FD217E71920060973F /* Main.storyboard */; };
		84F18901217E71940060973F /* Assets.xcassets in Resources */ = {isa = PBXBuildFile; fileRef = 84F18900217E71940060973F /* Assets.xcassets */; };
		84F18904217E71940060973F /* LaunchScreen.storyboard in Resources */ = {isa = PBXBuildFile; fileRef = 84F18902217E71940060973F /* LaunchScreen.storyboard */; };
		84F1890C217E77360060973F /* Question.swift in Sources */ = {isa = PBXBuildFile; fileRef = 84F1890B217E77360060973F /* Question.swift */; };
/* End PBXBuildFile section */

/* Begin PBXFileReference section */
		842A97A5217E8F6D00CBEAFD /* QuestionController.swift */ = {isa = PBXFileReference; lastKnownFileType = sourcecode.swift; path = QuestionController.swift; sourceTree = "<group>"; };
		842A97A7217E8FDE00CBEAFD /* QuestionsTableViewController.swift */ = {isa = PBXFileReference; lastKnownFileType = sourcecode.swift; path = QuestionsTableViewController.swift; sourceTree = "<group>"; };
		842A97A9217E901F00CBEAFD /* AskQuestionsViewController.swift */ = {isa = PBXFileReference; lastKnownFileType = sourcecode.swift; path = AskQuestionsViewController.swift; sourceTree = "<group>"; };
		842A97AB217E905F00CBEAFD /* AnswerViewController.swift */ = {isa = PBXFileReference; lastKnownFileType = sourcecode.swift; path = AnswerViewController.swift; sourceTree = "<group>"; };
		842A97AD217E910400CBEAFD /* QuestionTableViewCell.swift */ = {isa = PBXFileReference; lastKnownFileType = sourcecode.swift; path = QuestionTableViewCell.swift; sourceTree = "<group>"; };
		84F188F6217E71920060973F /* Q&ARemake.app */ = {isa = PBXFileReference; explicitFileType = wrapper.application; includeInIndex = 0; path = "Q&ARemake.app"; sourceTree = BUILT_PRODUCTS_DIR; };
		84F188F9217E71920060973F /* AppDelegate.swift */ = {isa = PBXFileReference; lastKnownFileType = sourcecode.swift; path = AppDelegate.swift; sourceTree = "<group>"; };
		84F188FE217E71920060973F /* Base */ = {isa = PBXFileReference; lastKnownFileType = file.storyboard; name = Base; path = Base.lproj/Main.storyboard; sourceTree = "<group>"; };
		84F18900217E71940060973F /* Assets.xcassets */ = {isa = PBXFileReference; lastKnownFileType = folder.assetcatalog; path = Assets.xcassets; sourceTree = "<group>"; };
		84F18903217E71940060973F /* Base */ = {isa = PBXFileReference; lastKnownFileType = file.storyboard; name = Base; path = Base.lproj/LaunchScreen.storyboard; sourceTree = "<group>"; };
		84F18905217E71940060973F /* Info.plist */ = {isa = PBXFileReference; lastKnownFileType = text.plist.xml; path = Info.plist; sourceTree = "<group>"; };
		84F1890B217E77360060973F /* Question.swift */ = {isa = PBXFileReference; lastKnownFileType = sourcecode.swift; path = Question.swift; sourceTree = "<group>"; };
/* End PBXFileReference section */

/* Begin PBXFrameworksBuildPhase section */
		84F188F3217E71910060973F /* Frameworks */ = {
			isa = PBXFrameworksBuildPhase;
			buildActionMask = 2147483647;
			files = (
			);
			runOnlyForDeploymentPostprocessing = 0;
		};
/* End PBXFrameworksBuildPhase section */

/* Begin PBXGroup section */
		84F188ED217E71910060973F = {
			isa = PBXGroup;
			children = (
				84F188F8217E71920060973F /* Q&ARemake */,
				84F188F7217E71920060973F /* Products */,
			);
			sourceTree = "<group>";
		};
		84F188F7217E71920060973F /* Products */ = {
			isa = PBXGroup;
			children = (
				84F188F6217E71920060973F /* Q&ARemake.app */,
			);
			name = Products;
			sourceTree = "<group>";
		};
		84F188F8217E71920060973F /* Q&ARemake */ = {
			isa = PBXGroup;
			children = (
				84F188F9217E71920060973F /* AppDelegate.swift */,
				84F1890B217E77360060973F /* Question.swift */,
				842A97A5217E8F6D00CBEAFD /* QuestionController.swift */,
				842A97A7217E8FDE00CBEAFD /* QuestionsTableViewController.swift */,
				842A97A9217E901F00CBEAFD /* AskQuestionsViewController.swift */,
				842A97AB217E905F00CBEAFD /* AnswerViewController.swift */,
				842A97AD217E910400CBEAFD /* QuestionTableViewCell.swift */,
				84F188FD217E71920060973F /* Main.storyboard */,
				84F18900217E71940060973F /* Assets.xcassets */,
				84F18902217E71940060973F /* LaunchScreen.storyboard */,
				84F18905217E71940060973F /* Info.plist */,
			);
			path = "Q&ARemake";
			sourceTree = "<group>";
		};
/* End PBXGroup section */

/* Begin PBXNativeTarget section */
		84F188F5217E71910060973F /* Q&ARemake */ = {
			isa = PBXNativeTarget;
			buildConfigurationList = 84F18908217E71940060973F /* Build configuration list for PBXNativeTarget "Q&ARemake" */;
			buildPhases = (
				84F188F2217E71910060973F /* Sources */,
				84F188F3217E71910060973F /* Frameworks */,
				84F188F4217E71910060973F /* Resources */,
			);
			buildRules = (
			);
			dependencies = (
			);
			name = "Q&ARemake";
			productName = "Q&ARemake";
			productReference = 84F188F6217E71920060973F /* Q&ARemake.app */;
			productType = "com.apple.product-type.application";
		};
/* End PBXNativeTarget section */

/* Begin PBXProject section */
		84F188EE217E71910060973F /* Project object */ = {
			isa = PBXProject;
			attributes = {
				LastSwiftUpdateCheck = 1000;
				LastUpgradeCheck = 1000;
				ORGANIZATIONNAME = Lambda_School_Loaner_18;
				TargetAttributes = {
					84F188F5217E71910060973F = {
						CreatedOnToolsVersion = 10.0;
					};
				};
			};
			buildConfigurationList = 84F188F1217E71910060973F /* Build configuration list for PBXProject "Q&ARemake" */;
			compatibilityVersion = "Xcode 9.3";
			developmentRegion = en;
			hasScannedForEncodings = 0;
			knownRegions = (
				en,
				Base,
			);
			mainGroup = 84F188ED217E71910060973F;
			productRefGroup = 84F188F7217E71920060973F /* Products */;
			projectDirPath = "";
			projectRoot = "";
			targets = (
				84F188F5217E71910060973F /* Q&ARemake */,
			);
		};
/* End PBXProject section */

/* Begin PBXResourcesBuildPhase section */
		84F188F4217E71910060973F /* Resources */ = {
			isa = PBXResourcesBuildPhase;
			buildActionMask = 2147483647;
			files = (
				84F18904217E71940060973F /* LaunchScreen.storyboard in Resources */,
				84F18901217E71940060973F /* Assets.xcassets in Resources */,
				84F188FF217E71920060973F /* Main.storyboard in Resources */,
			);
			runOnlyForDeploymentPostprocessing = 0;
		};
/* End PBXResourcesBuildPhase section */

/* Begin PBXSourcesBuildPhase section */
		84F188F2217E71910060973F /* Sources */ = {
			isa = PBXSourcesBuildPhase;
			buildActionMask = 2147483647;
			files = (
				842A97AC217E905F00CBEAFD /* AnswerViewController.swift in Sources */,
				842A97A8217E8FDE00CBEAFD /* QuestionsTableViewController.swift in Sources */,
				84F1890C217E77360060973F /* Question.swift in Sources */,
				84F188FA217E71920060973F /* AppDelegate.swift in Sources */,
				842A97AA217E901F00CBEAFD /* AskQuestionsViewController.swift in Sources */,
				842A97A6217E8F6D00CBEAFD /* QuestionController.swift in Sources */,
				842A97AE217E910400CBEAFD /* QuestionTableViewCell.swift in Sources */,
			);
			runOnlyForDeploymentPostprocessing = 0;
		};
/* End PBXSourcesBuildPhase section */

/* Begin PBXVariantGroup section */
		84F188FD217E71920060973F /* Main.storyboard */ = {
			isa = PBXVariantGroup;
			children = (
				84F188FE217E71920060973F /* Base */,
			);
			name = Main.storyboard;
			sourceTree = "<group>";
		};
		84F18902217E71940060973F /* LaunchScreen.storyboard */ = {
			isa = PBXVariantGroup;
			children = (
				84F18903217E71940060973F /* Base */,
			);
			name = LaunchScreen.storyboard;
			sourceTree = "<group>";
		};
/* End PBXVariantGroup section */

/* Begin XCBuildConfiguration section */
		84F18906217E71940060973F /* Debug */ = {
			isa = XCBuildConfiguration;
			buildSettings = {
				ALWAYS_SEARCH_USER_PATHS = NO;
				CLANG_ANALYZER_NONNULL = YES;
				CLANG_ANALYZER_NUMBER_OBJECT_CONVERSION = YES_AGGRESSIVE;
				CLANG_CXX_LANGUAGE_STANDARD = "gnu++14";
				CLANG_CXX_LIBRARY = "libc++";
				CLANG_ENABLE_MODULES = YES;
				CLANG_ENABLE_OBJC_ARC = YES;
				CLANG_ENABLE_OBJC_WEAK = YES;
				CLANG_WARN_BLOCK_CAPTURE_AUTORELEASING = YES;
				CLANG_WARN_BOOL_CONVERSION = YES;
				CLANG_WARN_COMMA = YES;
				CLANG_WARN_CONSTANT_CONVERSION = YES;
				CLANG_WARN_DEPRECATED_OBJC_IMPLEMENTATIONS = YES;
				CLANG_WARN_DIRECT_OBJC_ISA_USAGE = YES_ERROR;
				CLANG_WARN_DOCUMENTATION_COMMENTS = YES;
				CLANG_WARN_EMPTY_BODY = YES;
				CLANG_WARN_ENUM_CONVERSION = YES;
				CLANG_WARN_INFINITE_RECURSION = YES;
				CLANG_WARN_INT_CONVERSION = YES;
				CLANG_WARN_NON_LITERAL_NULL_CONVERSION = YES;
				CLANG_WARN_OBJC_IMPLICIT_RETAIN_SELF = YES;
				CLANG_WARN_OBJC_LITERAL_CONVERSION = YES;
				CLANG_WARN_OBJC_ROOT_CLASS = YES_ERROR;
				CLANG_WARN_RANGE_LOOP_ANALYSIS = YES;
				CLANG_WARN_STRICT_PROTOTYPES = YES;
				CLANG_WARN_SUSPICIOUS_MOVE = YES;
				CLANG_WARN_UNGUARDED_AVAILABILITY = YES_AGGRESSIVE;
				CLANG_WARN_UNREACHABLE_CODE = YES;
				CLANG_WARN__DUPLICATE_METHOD_MATCH = YES;
				CODE_SIGN_IDENTITY = "iPhone Developer";
				COPY_PHASE_STRIP = NO;
				DEBUG_INFORMATION_FORMAT = dwarf;
				ENABLE_STRICT_OBJC_MSGSEND = YES;
				ENABLE_TESTABILITY = YES;
				GCC_C_LANGUAGE_STANDARD = gnu11;
				GCC_DYNAMIC_NO_PIC = NO;
				GCC_NO_COMMON_BLOCKS = YES;
				GCC_OPTIMIZATION_LEVEL = 0;
				GCC_PREPROCESSOR_DEFINITIONS = (
					"DEBUG=1",
					"$(inherited)",
				);
				GCC_WARN_64_TO_32_BIT_CONVERSION = YES;
				GCC_WARN_ABOUT_RETURN_TYPE = YES_ERROR;
				GCC_WARN_UNDECLARED_SELECTOR = YES;
				GCC_WARN_UNINITIALIZED_AUTOS = YES_AGGRESSIVE;
				GCC_WARN_UNUSED_FUNCTION = YES;
				GCC_WARN_UNUSED_VARIABLE = YES;
				IPHONEOS_DEPLOYMENT_TARGET = 12.0;
				MTL_ENABLE_DEBUG_INFO = INCLUDE_SOURCE;
				MTL_FAST_MATH = YES;
				ONLY_ACTIVE_ARCH = YES;
				SDKROOT = iphoneos;
				SWIFT_ACTIVE_COMPILATION_CONDITIONS = DEBUG;
				SWIFT_OPTIMIZATION_LEVEL = "-Onone";
			};
			name = Debug;
		};
		84F18907217E71940060973F /* Release */ = {
			isa = XCBuildConfiguration;
			buildSettings = {
				ALWAYS_SEARCH_USER_PATHS = NO;
				CLANG_ANALYZER_NONNULL = YES;
				CLANG_ANALYZER_NUMBER_OBJECT_CONVERSION = YES_AGGRESSIVE;
				CLANG_CXX_LANGUAGE_STANDARD = "gnu++14";
				CLANG_CXX_LIBRARY = "libc++";
				CLANG_ENABLE_MODULES = YES;
				CLANG_ENABLE_OBJC_ARC = YES;
				CLANG_ENABLE_OBJC_WEAK = YES;
				CLANG_WARN_BLOCK_CAPTURE_AUTORELEASING = YES;
				CLANG_WARN_BOOL_CONVERSION = YES;
				CLANG_WARN_COMMA = YES;
				CLANG_WARN_CONSTANT_CONVERSION = YES;
				CLANG_WARN_DEPRECATED_OBJC_IMPLEMENTATIONS = YES;
				CLANG_WARN_DIRECT_OBJC_ISA_USAGE = YES_ERROR;
				CLANG_WARN_DOCUMENTATION_COMMENTS = YES;
				CLANG_WARN_EMPTY_BODY = YES;
				CLANG_WARN_ENUM_CONVERSION = YES;
				CLANG_WARN_INFINITE_RECURSION = YES;
				CLANG_WARN_INT_CONVERSION = YES;
				CLANG_WARN_NON_LITERAL_NULL_CONVERSION = YES;
				CLANG_WARN_OBJC_IMPLICIT_RETAIN_SELF = YES;
				CLANG_WARN_OBJC_LITERAL_CONVERSION = YES;
				CLANG_WARN_OBJC_ROOT_CLASS = YES_ERROR;
				CLANG_WARN_RANGE_LOOP_ANALYSIS = YES;
				CLANG_WARN_STRICT_PROTOTYPES = YES;
				CLANG_WARN_SUSPICIOUS_MOVE = YES;
				CLANG_WARN_UNGUARDED_AVAILABILITY = YES_AGGRESSIVE;
				CLANG_WARN_UNREACHABLE_CODE = YES;
				CLANG_WARN__DUPLICATE_METHOD_MATCH = YES;
				CODE_SIGN_IDENTITY = "iPhone Developer";
				COPY_PHASE_STRIP = NO;
				DEBUG_INFORMATION_FORMAT = "dwarf-with-dsym";
				ENABLE_NS_ASSERTIONS = NO;
				ENABLE_STRICT_OBJC_MSGSEND = YES;
				GCC_C_LANGUAGE_STANDARD = gnu11;
				GCC_NO_COMMON_BLOCKS = YES;
				GCC_WARN_64_TO_32_BIT_CONVERSION = YES;
				GCC_WARN_ABOUT_RETURN_TYPE = YES_ERROR;
				GCC_WARN_UNDECLARED_SELECTOR = YES;
				GCC_WARN_UNINITIALIZED_AUTOS = YES_AGGRESSIVE;
				GCC_WARN_UNUSED_FUNCTION = YES;
				GCC_WARN_UNUSED_VARIABLE = YES;
				IPHONEOS_DEPLOYMENT_TARGET = 12.0;
				MTL_ENABLE_DEBUG_INFO = NO;
				MTL_FAST_MATH = YES;
				SDKROOT = iphoneos;
				SWIFT_COMPILATION_MODE = wholemodule;
				SWIFT_OPTIMIZATION_LEVEL = "-O";
				VALIDATE_PRODUCT = YES;
			};
			name = Release;
		};
		84F18909217E71940060973F /* Debug */ = {
			isa = XCBuildConfiguration;
			buildSettings = {
				ASSETCATALOG_COMPILER_APPICON_NAME = AppIcon;
				CODE_SIGN_STYLE = Automatic;
				DEVELOPMENT_TEAM = 4L7P3ZX586;
				INFOPLIST_FILE = "Q&ARemake/Info.plist";
				LD_RUNPATH_SEARCH_PATHS = (
					"$(inherited)",
					"@executable_path/Frameworks",
				);
				PRODUCT_BUNDLE_IDENTIFIER = "com.lambdaschoolsd.Q-ARemake";
				PRODUCT_NAME = "$(TARGET_NAME)";
				SWIFT_VERSION = 4.2;
				TARGETED_DEVICE_FAMILY = "1,2";
			};
			name = Debug;
		};
		84F1890A217E71940060973F /* Release */ = {
			isa = XCBuildConfiguration;
			buildSettings = {
				ASSETCATALOG_COMPILER_APPICON_NAME = AppIcon;
				CODE_SIGN_STYLE = Automatic;
				DEVELOPMENT_TEAM = 4L7P3ZX586;
				INFOPLIST_FILE = "Q&ARemake/Info.plist";
				LD_RUNPATH_SEARCH_PATHS = (
					"$(inherited)",
					"@executable_path/Frameworks",
				);
				PRODUCT_BUNDLE_IDENTIFIER = "com.lambdaschoolsd.Q-ARemake";
				PRODUCT_NAME = "$(TARGET_NAME)";
				SWIFT_VERSION = 4.2;
				TARGETED_DEVICE_FAMILY = "1,2";
			};
			name = Release;
		};
/* End XCBuildConfiguration section */

/* Begin XCConfigurationList section */
		84F188F1217E71910060973F /* Build configuration list for PBXProject "Q&ARemake" */ = {
			isa = XCConfigurationList;
			buildConfigurations = (
				84F18906217E71940060973F /* Debug */,
				84F18907217E71940060973F /* Release */,
			);
			defaultConfigurationIsVisible = 0;
			defaultConfigurationName = Release;
		};
		84F18908217E71940060973F /* Build configuration list for PBXNativeTarget "Q&ARemake" */ = {
			isa = XCConfigurationList;
			buildConfigurations = (
				84F18909217E71940060973F /* Debug */,
				84F1890A217E71940060973F /* Release */,
			);
			defaultConfigurationIsVisible = 0;
			defaultConfigurationName = Release;
		};
/* End XCConfigurationList section */
	};
	rootObject = 84F188EE217E71910060973F /* Project object */;
}
