// !$*UTF8*$!
{
	archiveVersion = 1;
	classes = {
	};
	objectVersion = 50;
	objects = {

/* Begin PBXBuildFile section */
		D8A96B4B213B64040025F9A8 /* AppDelegate.swift in Sources */ = {isa = PBXBuildFile; fileRef = D8A96B4A213B64040025F9A8 /* AppDelegate.swift */; };
		D8A96B4D213B64040025F9A8 /* ViewController.swift in Sources */ = {isa = PBXBuildFile; fileRef = D8A96B4C213B64040025F9A8 /* ViewController.swift */; };
		D8A96B50213B64040025F9A8 /* Main.storyboard in Resources */ = {isa = PBXBuildFile; fileRef = D8A96B4E213B64040025F9A8 /* Main.storyboard */; };
		D8A96B52213B64060025F9A8 /* Assets.xcassets in Resources */ = {isa = PBXBuildFile; fileRef = D8A96B51213B64060025F9A8 /* Assets.xcassets */; };
		D8A96B55213B64060025F9A8 /* LaunchScreen.storyboard in Resources */ = {isa = PBXBuildFile; fileRef = D8A96B53213B64060025F9A8 /* LaunchScreen.storyboard */; };
		D8A96B5D213B664F0025F9A8 /* Question.swift in Sources */ = {isa = PBXBuildFile; fileRef = D8A96B5C213B664F0025F9A8 /* Question.swift */; };
		D8A96B5F213B67480025F9A8 /* QuestionController.swift in Sources */ = {isa = PBXBuildFile; fileRef = D8A96B5E213B67480025F9A8 /* QuestionController.swift */; };
		D8BCD08E213DEB8000CE5275 /* AskQuestionViewController.swift in Sources */ = {isa = PBXBuildFile; fileRef = D8BCD08D213DEB8000CE5275 /* AskQuestionViewController.swift */; };
		D8BCD092213DF21D00CE5275 /* AnswerViewController.swift in Sources */ = {isa = PBXBuildFile; fileRef = D8BCD091213DF21D00CE5275 /* AnswerViewController.swift */; };
		D8BCD094213DF23C00CE5275 /* QuestionTableViewController.swift in Sources */ = {isa = PBXBuildFile; fileRef = D8BCD093213DF23C00CE5275 /* QuestionTableViewController.swift */; };
		D8BCD096213DF25A00CE5275 /* QuestionTableViewCell.swift in Sources */ = {isa = PBXBuildFile; fileRef = D8BCD095213DF25A00CE5275 /* QuestionTableViewCell.swift */; };
/* End PBXBuildFile section */

/* Begin PBXFileReference section */
		D8A96B47213B64040025F9A8 /* Question.app */ = {isa = PBXFileReference; explicitFileType = wrapper.application; includeInIndex = 0; path = Question.app; sourceTree = BUILT_PRODUCTS_DIR; };
		D8A96B4A213B64040025F9A8 /* AppDelegate.swift */ = {isa = PBXFileReference; lastKnownFileType = sourcecode.swift; path = AppDelegate.swift; sourceTree = "<group>"; };
		D8A96B4C213B64040025F9A8 /* ViewController.swift */ = {isa = PBXFileReference; lastKnownFileType = sourcecode.swift; path = ViewController.swift; sourceTree = "<group>"; };
		D8A96B4F213B64040025F9A8 /* Base */ = {isa = PBXFileReference; lastKnownFileType = file.storyboard; name = Base; path = Base.lproj/Main.storyboard; sourceTree = "<group>"; };
		D8A96B51213B64060025F9A8 /* Assets.xcassets */ = {isa = PBXFileReference; lastKnownFileType = folder.assetcatalog; path = Assets.xcassets; sourceTree = "<group>"; };
		D8A96B54213B64060025F9A8 /* Base */ = {isa = PBXFileReference; lastKnownFileType = file.storyboard; name = Base; path = Base.lproj/LaunchScreen.storyboard; sourceTree = "<group>"; };
		D8A96B56213B64070025F9A8 /* Info.plist */ = {isa = PBXFileReference; lastKnownFileType = text.plist.xml; path = Info.plist; sourceTree = "<group>"; };
		D8A96B5C213B664F0025F9A8 /* Question.swift */ = {isa = PBXFileReference; lastKnownFileType = sourcecode.swift; path = Question.swift; sourceTree = "<group>"; };
		D8A96B5E213B67480025F9A8 /* QuestionController.swift */ = {isa = PBXFileReference; lastKnownFileType = sourcecode.swift; path = QuestionController.swift; sourceTree = "<group>"; };
		D8BCD08D213DEB8000CE5275 /* AskQuestionViewController.swift */ = {isa = PBXFileReference; lastKnownFileType = sourcecode.swift; path = AskQuestionViewController.swift; sourceTree = "<group>"; };
		D8BCD091213DF21D00CE5275 /* AnswerViewController.swift */ = {isa = PBXFileReference; lastKnownFileType = sourcecode.swift; path = AnswerViewController.swift; sourceTree = "<group>"; };
		D8BCD093213DF23C00CE5275 /* QuestionTableViewController.swift */ = {isa = PBXFileReference; lastKnownFileType = sourcecode.swift; path = QuestionTableViewController.swift; sourceTree = "<group>"; };
		D8BCD095213DF25A00CE5275 /* QuestionTableViewCell.swift */ = {isa = PBXFileReference; lastKnownFileType = sourcecode.swift; path = QuestionTableViewCell.swift; sourceTree = "<group>"; };
/* End PBXFileReference section */

/* Begin PBXFrameworksBuildPhase section */
		D8A96B44213B64040025F9A8 /* Frameworks */ = {
			isa = PBXFrameworksBuildPhase;
			buildActionMask = 2147483647;
			files = (
			);
			runOnlyForDeploymentPostprocessing = 0;
		};
/* End PBXFrameworksBuildPhase section */

/* Begin PBXGroup section */
		D8A96B3E213B64040025F9A8 = {
			isa = PBXGroup;
			children = (
				D8A96B49213B64040025F9A8 /* Question */,
				D8A96B48213B64040025F9A8 /* Products */,
			);
			sourceTree = "<group>";
		};
		D8A96B48213B64040025F9A8 /* Products */ = {
			isa = PBXGroup;
			children = (
				D8A96B47213B64040025F9A8 /* Question.app */,
			);
			name = Products;
			sourceTree = "<group>";
		};
		D8A96B49213B64040025F9A8 /* Question */ = {
			isa = PBXGroup;
			children = (
				D8BCD08D213DEB8000CE5275 /* AskQuestionViewController.swift */,
				D8A96B5C213B664F0025F9A8 /* Question.swift */,
				D8A96B5E213B67480025F9A8 /* QuestionController.swift */,
				D8A96B4A213B64040025F9A8 /* AppDelegate.swift */,
				D8A96B4C213B64040025F9A8 /* ViewController.swift */,
				D8A96B4E213B64040025F9A8 /* Main.storyboard */,
				D8BCD095213DF25A00CE5275 /* QuestionTableViewCell.swift */,
				D8BCD093213DF23C00CE5275 /* QuestionTableViewController.swift */,
				D8BCD091213DF21D00CE5275 /* AnswerViewController.swift */,
				D8A96B51213B64060025F9A8 /* Assets.xcassets */,
				D8A96B53213B64060025F9A8 /* LaunchScreen.storyboard */,
				D8A96B56213B64070025F9A8 /* Info.plist */,
			);
			path = Question;
			sourceTree = "<group>";
		};
/* End PBXGroup section */

/* Begin PBXNativeTarget section */
		D8A96B46213B64040025F9A8 /* Question */ = {
			isa = PBXNativeTarget;
			buildConfigurationList = D8A96B59213B64070025F9A8 /* Build configuration list for PBXNativeTarget "Question" */;
			buildPhases = (
				D8A96B43213B64040025F9A8 /* Sources */,
				D8A96B44213B64040025F9A8 /* Frameworks */,
				D8A96B45213B64040025F9A8 /* Resources */,
			);
			buildRules = (
			);
			dependencies = (
			);
			name = Question;
			productName = Question;
			productReference = D8A96B47213B64040025F9A8 /* Question.app */;
			productType = "com.apple.product-type.application";
		};
/* End PBXNativeTarget section */

/* Begin PBXProject section */
		D8A96B3F213B64040025F9A8 /* Project object */ = {
			isa = PBXProject;
			attributes = {
				LastSwiftUpdateCheck = 0940;
				LastUpgradeCheck = 0940;
				ORGANIZATIONNAME = Farhan;
				TargetAttributes = {
					D8A96B46213B64040025F9A8 = {
						CreatedOnToolsVersion = 9.4.1;
					};
				};
			};
			buildConfigurationList = D8A96B42213B64040025F9A8 /* Build configuration list for PBXProject "Question" */;
			compatibilityVersion = "Xcode 9.3";
			developmentRegion = en;
			hasScannedForEncodings = 0;
			knownRegions = (
				en,
				Base,
			);
			mainGroup = D8A96B3E213B64040025F9A8;
			productRefGroup = D8A96B48213B64040025F9A8 /* Products */;
			projectDirPath = "";
			projectRoot = "";
			targets = (
				D8A96B46213B64040025F9A8 /* Question */,
			);
		};
/* End PBXProject section */

/* Begin PBXResourcesBuildPhase section */
		D8A96B45213B64040025F9A8 /* Resources */ = {
			isa = PBXResourcesBuildPhase;
			buildActionMask = 2147483647;
			files = (
				D8A96B55213B64060025F9A8 /* LaunchScreen.storyboard in Resources */,
				D8A96B52213B64060025F9A8 /* Assets.xcassets in Resources */,
				D8A96B50213B64040025F9A8 /* Main.storyboard in Resources */,
			);
			runOnlyForDeploymentPostprocessing = 0;
		};
/* End PBXResourcesBuildPhase section */

/* Begin PBXSourcesBuildPhase section */
		D8A96B43213B64040025F9A8 /* Sources */ = {
			isa = PBXSourcesBuildPhase;
			buildActionMask = 2147483647;
			files = (
				D8BCD092213DF21D00CE5275 /* AnswerViewController.swift in Sources */,
				D8BCD096213DF25A00CE5275 /* QuestionTableViewCell.swift in Sources */,
				D8BCD094213DF23C00CE5275 /* QuestionTableViewController.swift in Sources */,
				D8A96B5D213B664F0025F9A8 /* Question.swift in Sources */,
				D8A96B4D213B64040025F9A8 /* ViewController.swift in Sources */,
				D8A96B4B213B64040025F9A8 /* AppDelegate.swift in Sources */,
				D8BCD08E213DEB8000CE5275 /* AskQuestionViewController.swift in Sources */,
				D8A96B5F213B67480025F9A8 /* QuestionController.swift in Sources */,
			);
			runOnlyForDeploymentPostprocessing = 0;
		};
/* End PBXSourcesBuildPhase section */

/* Begin PBXVariantGroup section */
		D8A96B4E213B64040025F9A8 /* Main.storyboard */ = {
			isa = PBXVariantGroup;
			children = (
				D8A96B4F213B64040025F9A8 /* Base */,
			);
			name = Main.storyboard;
			sourceTree = "<group>";
		};
		D8A96B53213B64060025F9A8 /* LaunchScreen.storyboard */ = {
			isa = PBXVariantGroup;
			children = (
				D8A96B54213B64060025F9A8 /* Base */,
			);
			name = LaunchScreen.storyboard;
			sourceTree = "<group>";
		};
/* End PBXVariantGroup section */

/* Begin XCBuildConfiguration section */
		D8A96B57213B64070025F9A8 /* Debug */ = {
			isa = XCBuildConfiguration;
			buildSettings = {
				ALWAYS_SEARCH_USER_PATHS = NO;
				CLANG_ANALYZER_NONNULL = YES;
				CLANG_ANALYZER_NUMBER_OBJECT_CONVERSION = YES_AGGRESSIVE;
				CLANG_CXX_LANGUAGE_STANDARD = "gnu++14";
				CLANG_CXX_LIBRARY = "libc++";
				CLANG_ENABLE_MODULES = YES;
				CLANG_ENABLE_OBJC_ARC = YES;
				CLANG_ENABLE_OBJC_WEAK = YES;
				CLANG_WARN_BLOCK_CAPTURE_AUTORELEASING = YES;
				CLANG_WARN_BOOL_CONVERSION = YES;
				CLANG_WARN_COMMA = YES;
				CLANG_WARN_CONSTANT_CONVERSION = YES;
				CLANG_WARN_DEPRECATED_OBJC_IMPLEMENTATIONS = YES;
				CLANG_WARN_DIRECT_OBJC_ISA_USAGE = YES_ERROR;
				CLANG_WARN_DOCUMENTATION_COMMENTS = YES;
				CLANG_WARN_EMPTY_BODY = YES;
				CLANG_WARN_ENUM_CONVERSION = YES;
				CLANG_WARN_INFINITE_RECURSION = YES;
				CLANG_WARN_INT_CONVERSION = YES;
				CLANG_WARN_NON_LITERAL_NULL_CONVERSION = YES;
				CLANG_WARN_OBJC_IMPLICIT_RETAIN_SELF = YES;
				CLANG_WARN_OBJC_LITERAL_CONVERSION = YES;
				CLANG_WARN_OBJC_ROOT_CLASS = YES_ERROR;
				CLANG_WARN_RANGE_LOOP_ANALYSIS = YES;
				CLANG_WARN_STRICT_PROTOTYPES = YES;
				CLANG_WARN_SUSPICIOUS_MOVE = YES;
				CLANG_WARN_UNGUARDED_AVAILABILITY = YES_AGGRESSIVE;
				CLANG_WARN_UNREACHABLE_CODE = YES;
				CLANG_WARN__DUPLICATE_METHOD_MATCH = YES;
				CODE_SIGN_IDENTITY = "iPhone Developer";
				COPY_PHASE_STRIP = NO;
				DEBUG_INFORMATION_FORMAT = dwarf;
				ENABLE_STRICT_OBJC_MSGSEND = YES;
				ENABLE_TESTABILITY = YES;
				GCC_C_LANGUAGE_STANDARD = gnu11;
				GCC_DYNAMIC_NO_PIC = NO;
				GCC_NO_COMMON_BLOCKS = YES;
				GCC_OPTIMIZATION_LEVEL = 0;
				GCC_PREPROCESSOR_DEFINITIONS = (
					"DEBUG=1",
					"$(inherited)",
				);
				GCC_WARN_64_TO_32_BIT_CONVERSION = YES;
				GCC_WARN_ABOUT_RETURN_TYPE = YES_ERROR;
				GCC_WARN_UNDECLARED_SELECTOR = YES;
				GCC_WARN_UNINITIALIZED_AUTOS = YES_AGGRESSIVE;
				GCC_WARN_UNUSED_FUNCTION = YES;
				GCC_WARN_UNUSED_VARIABLE = YES;
				IPHONEOS_DEPLOYMENT_TARGET = 11.4;
				MTL_ENABLE_DEBUG_INFO = YES;
				ONLY_ACTIVE_ARCH = YES;
				SDKROOT = iphoneos;
				SWIFT_ACTIVE_COMPILATION_CONDITIONS = DEBUG;
				SWIFT_OPTIMIZATION_LEVEL = "-Onone";
			};
			name = Debug;
		};
		D8A96B58213B64070025F9A8 /* Release */ = {
			isa = XCBuildConfiguration;
			buildSettings = {
				ALWAYS_SEARCH_USER_PATHS = NO;
				CLANG_ANALYZER_NONNULL = YES;
				CLANG_ANALYZER_NUMBER_OBJECT_CONVERSION = YES_AGGRESSIVE;
				CLANG_CXX_LANGUAGE_STANDARD = "gnu++14";
				CLANG_CXX_LIBRARY = "libc++";
				CLANG_ENABLE_MODULES = YES;
				CLANG_ENABLE_OBJC_ARC = YES;
				CLANG_ENABLE_OBJC_WEAK = YES;
				CLANG_WARN_BLOCK_CAPTURE_AUTORELEASING = YES;
				CLANG_WARN_BOOL_CONVERSION = YES;
				CLANG_WARN_COMMA = YES;
				CLANG_WARN_CONSTANT_CONVERSION = YES;
				CLANG_WARN_DEPRECATED_OBJC_IMPLEMENTATIONS = YES;
				CLANG_WARN_DIRECT_OBJC_ISA_USAGE = YES_ERROR;
				CLANG_WARN_DOCUMENTATION_COMMENTS = YES;
				CLANG_WARN_EMPTY_BODY = YES;
				CLANG_WARN_ENUM_CONVERSION = YES;
				CLANG_WARN_INFINITE_RECURSION = YES;
				CLANG_WARN_INT_CONVERSION = YES;
				CLANG_WARN_NON_LITERAL_NULL_CONVERSION = YES;
				CLANG_WARN_OBJC_IMPLICIT_RETAIN_SELF = YES;
				CLANG_WARN_OBJC_LITERAL_CONVERSION = YES;
				CLANG_WARN_OBJC_ROOT_CLASS = YES_ERROR;
				CLANG_WARN_RANGE_LOOP_ANALYSIS = YES;
				CLANG_WARN_STRICT_PROTOTYPES = YES;
				CLANG_WARN_SUSPICIOUS_MOVE = YES;
				CLANG_WARN_UNGUARDED_AVAILABILITY = YES_AGGRESSIVE;
				CLANG_WARN_UNREACHABLE_CODE = YES;
				CLANG_WARN__DUPLICATE_METHOD_MATCH = YES;
				CODE_SIGN_IDENTITY = "iPhone Developer";
				COPY_PHASE_STRIP = NO;
				DEBUG_INFORMATION_FORMAT = "dwarf-with-dsym";
				ENABLE_NS_ASSERTIONS = NO;
				ENABLE_STRICT_OBJC_MSGSEND = YES;
				GCC_C_LANGUAGE_STANDARD = gnu11;
				GCC_NO_COMMON_BLOCKS = YES;
				GCC_WARN_64_TO_32_BIT_CONVERSION = YES;
				GCC_WARN_ABOUT_RETURN_TYPE = YES_ERROR;
				GCC_WARN_UNDECLARED_SELECTOR = YES;
				GCC_WARN_UNINITIALIZED_AUTOS = YES_AGGRESSIVE;
				GCC_WARN_UNUSED_FUNCTION = YES;
				GCC_WARN_UNUSED_VARIABLE = YES;
				IPHONEOS_DEPLOYMENT_TARGET = 11.4;
				MTL_ENABLE_DEBUG_INFO = NO;
				SDKROOT = iphoneos;
				SWIFT_COMPILATION_MODE = wholemodule;
				SWIFT_OPTIMIZATION_LEVEL = "-O";
				VALIDATE_PRODUCT = YES;
			};
			name = Release;
		};
		D8A96B5A213B64070025F9A8 /* Debug */ = {
			isa = XCBuildConfiguration;
			buildSettings = {
				ASSETCATALOG_COMPILER_APPICON_NAME = AppIcon;
				CODE_SIGN_STYLE = Automatic;
				DEVELOPMENT_TEAM = 9AL899TPVP;
				INFOPLIST_FILE = Question/Info.plist;
				LD_RUNPATH_SEARCH_PATHS = (
					"$(inherited)",
					"@executable_path/Frameworks",
				);
				PRODUCT_BUNDLE_IDENTIFIER = farhanf.Question;
				PRODUCT_NAME = "$(TARGET_NAME)";
				SWIFT_VERSION = 4.0;
				TARGETED_DEVICE_FAMILY = "1,2";
			};
			name = Debug;
		};
		D8A96B5B213B64070025F9A8 /* Release */ = {
			isa = XCBuildConfiguration;
			buildSettings = {
				ASSETCATALOG_COMPILER_APPICON_NAME = AppIcon;
				CODE_SIGN_STYLE = Automatic;
				DEVELOPMENT_TEAM = 9AL899TPVP;
				INFOPLIST_FILE = Question/Info.plist;
				LD_RUNPATH_SEARCH_PATHS = (
					"$(inherited)",
					"@executable_path/Frameworks",
				);
				PRODUCT_BUNDLE_IDENTIFIER = farhanf.Question;
				PRODUCT_NAME = "$(TARGET_NAME)";
				SWIFT_VERSION = 4.0;
				TARGETED_DEVICE_FAMILY = "1,2";
			};
			name = Release;
		};
/* End XCBuildConfiguration section */

/* Begin XCConfigurationList section */
		D8A96B42213B64040025F9A8 /* Build configuration list for PBXProject "Question" */ = {
			isa = XCConfigurationList;
			buildConfigurations = (
				D8A96B57213B64070025F9A8 /* Debug */,
				D8A96B58213B64070025F9A8 /* Release */,
			);
			defaultConfigurationIsVisible = 0;
			defaultConfigurationName = Release;
		};
		D8A96B59213B64070025F9A8 /* Build configuration list for PBXNativeTarget "Question" */ = {
			isa = XCConfigurationList;
			buildConfigurations = (
				D8A96B5A213B64070025F9A8 /* Debug */,
				D8A96B5B213B64070025F9A8 /* Release */,
			);
			defaultConfigurationIsVisible = 0;
			defaultConfigurationName = Release;
		};
/* End XCConfigurationList section */
	};
	rootObject = D8A96B3F213B64040025F9A8 /* Project object */;
}
