// !$*UTF8*$!
{
	archiveVersion = 1;
	classes = {
	};
	objectVersion = 50;
	objects = {

/* Begin PBXBuildFile section */
		CA02B2AA21EE745D00487737 /* AppDelegate.swift in Sources */ = {isa = PBXBuildFile; fileRef = CA02B2A921EE745D00487737 /* AppDelegate.swift */; };
		CA02B2AF21EE745D00487737 /* Main.storyboard in Resources */ = {isa = PBXBuildFile; fileRef = CA02B2AD21EE745D00487737 /* Main.storyboard */; };
		CA02B2B121EE745E00487737 /* Assets.xcassets in Resources */ = {isa = PBXBuildFile; fileRef = CA02B2B021EE745E00487737 /* Assets.xcassets */; };
		CA02B2B421EE745E00487737 /* LaunchScreen.storyboard in Resources */ = {isa = PBXBuildFile; fileRef = CA02B2B221EE745E00487737 /* LaunchScreen.storyboard */; };
		CA02B2BC21EE788D00487737 /* Question.swift in Sources */ = {isa = PBXBuildFile; fileRef = CA02B2BB21EE788D00487737 /* Question.swift */; };
		CA02B2BE21EE7D0B00487737 /* QuestionController.swift in Sources */ = {isa = PBXBuildFile; fileRef = CA02B2BD21EE7D0B00487737 /* QuestionController.swift */; };
		CA02B2C021EE809800487737 /* QuestionsTableViewController.swift in Sources */ = {isa = PBXBuildFile; fileRef = CA02B2BF21EE809800487737 /* QuestionsTableViewController.swift */; };
/* End PBXBuildFile section */

/* Begin PBXFileReference section */
		CA02B2A621EE745D00487737 /* QuestionAndAnswer.app */ = {isa = PBXFileReference; explicitFileType = wrapper.application; includeInIndex = 0; path = QuestionAndAnswer.app; sourceTree = BUILT_PRODUCTS_DIR; };
		CA02B2A921EE745D00487737 /* AppDelegate.swift */ = {isa = PBXFileReference; lastKnownFileType = sourcecode.swift; path = AppDelegate.swift; sourceTree = "<group>"; };
		CA02B2AE21EE745D00487737 /* Base */ = {isa = PBXFileReference; lastKnownFileType = file.storyboard; name = Base; path = Base.lproj/Main.storyboard; sourceTree = "<group>"; };
		CA02B2B021EE745E00487737 /* Assets.xcassets */ = {isa = PBXFileReference; lastKnownFileType = folder.assetcatalog; path = Assets.xcassets; sourceTree = "<group>"; };
		CA02B2B321EE745E00487737 /* Base */ = {isa = PBXFileReference; lastKnownFileType = file.storyboard; name = Base; path = Base.lproj/LaunchScreen.storyboard; sourceTree = "<group>"; };
		CA02B2B521EE745E00487737 /* Info.plist */ = {isa = PBXFileReference; lastKnownFileType = text.plist.xml; path = Info.plist; sourceTree = "<group>"; };
		CA02B2BB21EE788D00487737 /* Question.swift */ = {isa = PBXFileReference; lastKnownFileType = sourcecode.swift; path = Question.swift; sourceTree = "<group>"; };
		CA02B2BD21EE7D0B00487737 /* QuestionController.swift */ = {isa = PBXFileReference; lastKnownFileType = sourcecode.swift; path = QuestionController.swift; sourceTree = "<group>"; };
		CA02B2BF21EE809800487737 /* QuestionsTableViewController.swift */ = {isa = PBXFileReference; lastKnownFileType = sourcecode.swift; path = QuestionsTableViewController.swift; sourceTree = "<group>"; };
/* End PBXFileReference section */

/* Begin PBXFrameworksBuildPhase section */
		CA02B2A321EE745D00487737 /* Frameworks */ = {
			isa = PBXFrameworksBuildPhase;
			buildActionMask = 2147483647;
			files = (
			);
			runOnlyForDeploymentPostprocessing = 0;
		};
/* End PBXFrameworksBuildPhase section */

/* Begin PBXGroup section */
		CA02B29D21EE745D00487737 = {
			isa = PBXGroup;
			children = (
				CA02B2A821EE745D00487737 /* QuestionAndAnswer */,
				CA02B2A721EE745D00487737 /* Products */,
			);
			sourceTree = "<group>";
		};
		CA02B2A721EE745D00487737 /* Products */ = {
			isa = PBXGroup;
			children = (
				CA02B2A621EE745D00487737 /* QuestionAndAnswer.app */,
			);
			name = Products;
			sourceTree = "<group>";
		};
		CA02B2A821EE745D00487737 /* QuestionAndAnswer */ = {
			isa = PBXGroup;
			children = (
				CA02B2A921EE745D00487737 /* AppDelegate.swift */,
				CA02B2BB21EE788D00487737 /* Question.swift */,
				CA02B2BD21EE7D0B00487737 /* QuestionController.swift */,
				CA02B2AD21EE745D00487737 /* Main.storyboard */,
				CA02B2C121EE80BB00487737 /* View Controller */,
				CA02B2B021EE745E00487737 /* Assets.xcassets */,
				CA02B2B221EE745E00487737 /* LaunchScreen.storyboard */,
				CA02B2B521EE745E00487737 /* Info.plist */,
			);
			path = QuestionAndAnswer;
			sourceTree = "<group>";
		};
		CA02B2C121EE80BB00487737 /* View Controller */ = {
			isa = PBXGroup;
			children = (
				CA02B2BF21EE809800487737 /* QuestionsTableViewController.swift */,
			);
			path = "View Controller";
			sourceTree = "<group>";
		};
/* End PBXGroup section */

/* Begin PBXNativeTarget section */
		CA02B2A521EE745D00487737 /* QuestionAndAnswer */ = {
			isa = PBXNativeTarget;
			buildConfigurationList = CA02B2B821EE745E00487737 /* Build configuration list for PBXNativeTarget "QuestionAndAnswer" */;
			buildPhases = (
				CA02B2A221EE745D00487737 /* Sources */,
				CA02B2A321EE745D00487737 /* Frameworks */,
				CA02B2A421EE745D00487737 /* Resources */,
			);
			buildRules = (
			);
			dependencies = (
			);
			name = QuestionAndAnswer;
			productName = QuestionAndAnswer;
			productReference = CA02B2A621EE745D00487737 /* QuestionAndAnswer.app */;
			productType = "com.apple.product-type.application";
		};
/* End PBXNativeTarget section */

/* Begin PBXProject section */
		CA02B29E21EE745D00487737 /* Project object */ = {
			isa = PBXProject;
			attributes = {
				LastSwiftUpdateCheck = 1010;
				LastUpgradeCheck = 1010;
				ORGANIZATIONNAME = "Rabbit Hole Fashion";
				TargetAttributes = {
					CA02B2A521EE745D00487737 = {
						CreatedOnToolsVersion = 10.1;
					};
				};
			};
			buildConfigurationList = CA02B2A121EE745D00487737 /* Build configuration list for PBXProject "QuestionAndAnswer" */;
			compatibilityVersion = "Xcode 9.3";
			developmentRegion = en;
			hasScannedForEncodings = 0;
			knownRegions = (
				en,
				Base,
			);
			mainGroup = CA02B29D21EE745D00487737;
			productRefGroup = CA02B2A721EE745D00487737 /* Products */;
			projectDirPath = "";
			projectRoot = "";
			targets = (
				CA02B2A521EE745D00487737 /* QuestionAndAnswer */,
			);
		};
/* End PBXProject section */

/* Begin PBXResourcesBuildPhase section */
		CA02B2A421EE745D00487737 /* Resources */ = {
			isa = PBXResourcesBuildPhase;
			buildActionMask = 2147483647;
			files = (
				CA02B2B421EE745E00487737 /* LaunchScreen.storyboard in Resources */,
				CA02B2B121EE745E00487737 /* Assets.xcassets in Resources */,
				CA02B2AF21EE745D00487737 /* Main.storyboard in Resources */,
			);
			runOnlyForDeploymentPostprocessing = 0;
		};
/* End PBXResourcesBuildPhase section */

/* Begin PBXSourcesBuildPhase section */
		CA02B2A221EE745D00487737 /* Sources */ = {
			isa = PBXSourcesBuildPhase;
			buildActionMask = 2147483647;
			files = (
				CA02B2BC21EE788D00487737 /* Question.swift in Sources */,
				CA02B2AA21EE745D00487737 /* AppDelegate.swift in Sources */,
				CA02B2BE21EE7D0B00487737 /* QuestionController.swift in Sources */,
				CA02B2C021EE809800487737 /* QuestionsTableViewController.swift in Sources */,
			);
			runOnlyForDeploymentPostprocessing = 0;
		};
/* End PBXSourcesBuildPhase section */

/* Begin PBXVariantGroup section */
		CA02B2AD21EE745D00487737 /* Main.storyboard */ = {
			isa = PBXVariantGroup;
			children = (
				CA02B2AE21EE745D00487737 /* Base */,
			);
			name = Main.storyboard;
			sourceTree = "<group>";
		};
		CA02B2B221EE745E00487737 /* LaunchScreen.storyboard */ = {
			isa = PBXVariantGroup;
			children = (
				CA02B2B321EE745E00487737 /* Base */,
			);
			name = LaunchScreen.storyboard;
			sourceTree = "<group>";
		};
/* End PBXVariantGroup section */

/* Begin XCBuildConfiguration section */
		CA02B2B621EE745E00487737 /* Debug */ = {
			isa = XCBuildConfiguration;
			buildSettings = {
				ALWAYS_SEARCH_USER_PATHS = NO;
				CLANG_ANALYZER_NONNULL = YES;
				CLANG_ANALYZER_NUMBER_OBJECT_CONVERSION = YES_AGGRESSIVE;
				CLANG_CXX_LANGUAGE_STANDARD = "gnu++14";
				CLANG_CXX_LIBRARY = "libc++";
				CLANG_ENABLE_MODULES = YES;
				CLANG_ENABLE_OBJC_ARC = YES;
				CLANG_ENABLE_OBJC_WEAK = YES;
				CLANG_WARN_BLOCK_CAPTURE_AUTORELEASING = YES;
				CLANG_WARN_BOOL_CONVERSION = YES;
				CLANG_WARN_COMMA = YES;
				CLANG_WARN_CONSTANT_CONVERSION = YES;
				CLANG_WARN_DEPRECATED_OBJC_IMPLEMENTATIONS = YES;
				CLANG_WARN_DIRECT_OBJC_ISA_USAGE = YES_ERROR;
				CLANG_WARN_DOCUMENTATION_COMMENTS = YES;
				CLANG_WARN_EMPTY_BODY = YES;
				CLANG_WARN_ENUM_CONVERSION = YES;
				CLANG_WARN_INFINITE_RECURSION = YES;
				CLANG_WARN_INT_CONVERSION = YES;
				CLANG_WARN_NON_LITERAL_NULL_CONVERSION = YES;
				CLANG_WARN_OBJC_IMPLICIT_RETAIN_SELF = YES;
				CLANG_WARN_OBJC_LITERAL_CONVERSION = YES;
				CLANG_WARN_OBJC_ROOT_CLASS = YES_ERROR;
				CLANG_WARN_RANGE_LOOP_ANALYSIS = YES;
				CLANG_WARN_STRICT_PROTOTYPES = YES;
				CLANG_WARN_SUSPICIOUS_MOVE = YES;
				CLANG_WARN_UNGUARDED_AVAILABILITY = YES_AGGRESSIVE;
				CLANG_WARN_UNREACHABLE_CODE = YES;
				CLANG_WARN__DUPLICATE_METHOD_MATCH = YES;
				CODE_SIGN_IDENTITY = "iPhone Developer";
				COPY_PHASE_STRIP = NO;
				DEBUG_INFORMATION_FORMAT = dwarf;
				ENABLE_STRICT_OBJC_MSGSEND = YES;
				ENABLE_TESTABILITY = YES;
				GCC_C_LANGUAGE_STANDARD = gnu11;
				GCC_DYNAMIC_NO_PIC = NO;
				GCC_NO_COMMON_BLOCKS = YES;
				GCC_OPTIMIZATION_LEVEL = 0;
				GCC_PREPROCESSOR_DEFINITIONS = (
					"DEBUG=1",
					"$(inherited)",
				);
				GCC_WARN_64_TO_32_BIT_CONVERSION = YES;
				GCC_WARN_ABOUT_RETURN_TYPE = YES_ERROR;
				GCC_WARN_UNDECLARED_SELECTOR = YES;
				GCC_WARN_UNINITIALIZED_AUTOS = YES_AGGRESSIVE;
				GCC_WARN_UNUSED_FUNCTION = YES;
				GCC_WARN_UNUSED_VARIABLE = YES;
				IPHONEOS_DEPLOYMENT_TARGET = 12.1;
				MTL_ENABLE_DEBUG_INFO = INCLUDE_SOURCE;
				MTL_FAST_MATH = YES;
				ONLY_ACTIVE_ARCH = YES;
				SDKROOT = iphoneos;
				SWIFT_ACTIVE_COMPILATION_CONDITIONS = DEBUG;
				SWIFT_OPTIMIZATION_LEVEL = "-Onone";
			};
			name = Debug;
		};
		CA02B2B721EE745E00487737 /* Release */ = {
			isa = XCBuildConfiguration;
			buildSettings = {
				ALWAYS_SEARCH_USER_PATHS = NO;
				CLANG_ANALYZER_NONNULL = YES;
				CLANG_ANALYZER_NUMBER_OBJECT_CONVERSION = YES_AGGRESSIVE;
				CLANG_CXX_LANGUAGE_STANDARD = "gnu++14";
				CLANG_CXX_LIBRARY = "libc++";
				CLANG_ENABLE_MODULES = YES;
				CLANG_ENABLE_OBJC_ARC = YES;
				CLANG_ENABLE_OBJC_WEAK = YES;
				CLANG_WARN_BLOCK_CAPTURE_AUTORELEASING = YES;
				CLANG_WARN_BOOL_CONVERSION = YES;
				CLANG_WARN_COMMA = YES;
				CLANG_WARN_CONSTANT_CONVERSION = YES;
				CLANG_WARN_DEPRECATED_OBJC_IMPLEMENTATIONS = YES;
				CLANG_WARN_DIRECT_OBJC_ISA_USAGE = YES_ERROR;
				CLANG_WARN_DOCUMENTATION_COMMENTS = YES;
				CLANG_WARN_EMPTY_BODY = YES;
				CLANG_WARN_ENUM_CONVERSION = YES;
				CLANG_WARN_INFINITE_RECURSION = YES;
				CLANG_WARN_INT_CONVERSION = YES;
				CLANG_WARN_NON_LITERAL_NULL_CONVERSION = YES;
				CLANG_WARN_OBJC_IMPLICIT_RETAIN_SELF = YES;
				CLANG_WARN_OBJC_LITERAL_CONVERSION = YES;
				CLANG_WARN_OBJC_ROOT_CLASS = YES_ERROR;
				CLANG_WARN_RANGE_LOOP_ANALYSIS = YES;
				CLANG_WARN_STRICT_PROTOTYPES = YES;
				CLANG_WARN_SUSPICIOUS_MOVE = YES;
				CLANG_WARN_UNGUARDED_AVAILABILITY = YES_AGGRESSIVE;
				CLANG_WARN_UNREACHABLE_CODE = YES;
				CLANG_WARN__DUPLICATE_METHOD_MATCH = YES;
				CODE_SIGN_IDENTITY = "iPhone Developer";
				COPY_PHASE_STRIP = NO;
				DEBUG_INFORMATION_FORMAT = "dwarf-with-dsym";
				ENABLE_NS_ASSERTIONS = NO;
				ENABLE_STRICT_OBJC_MSGSEND = YES;
				GCC_C_LANGUAGE_STANDARD = gnu11;
				GCC_NO_COMMON_BLOCKS = YES;
				GCC_WARN_64_TO_32_BIT_CONVERSION = YES;
				GCC_WARN_ABOUT_RETURN_TYPE = YES_ERROR;
				GCC_WARN_UNDECLARED_SELECTOR = YES;
				GCC_WARN_UNINITIALIZED_AUTOS = YES_AGGRESSIVE;
				GCC_WARN_UNUSED_FUNCTION = YES;
				GCC_WARN_UNUSED_VARIABLE = YES;
				IPHONEOS_DEPLOYMENT_TARGET = 12.1;
				MTL_ENABLE_DEBUG_INFO = NO;
				MTL_FAST_MATH = YES;
				SDKROOT = iphoneos;
				SWIFT_COMPILATION_MODE = wholemodule;
				SWIFT_OPTIMIZATION_LEVEL = "-O";
				VALIDATE_PRODUCT = YES;
			};
			name = Release;
		};
		CA02B2B921EE745E00487737 /* Debug */ = {
			isa = XCBuildConfiguration;
			buildSettings = {
				ASSETCATALOG_COMPILER_APPICON_NAME = AppIcon;
				CODE_SIGN_STYLE = Automatic;
				INFOPLIST_FILE = QuestionAndAnswer/Info.plist;
				LD_RUNPATH_SEARCH_PATHS = (
					"$(inherited)",
					"@executable_path/Frameworks",
				);
				PRODUCT_BUNDLE_IDENTIFIER = com.rabbitholefashion.QuestionAndAnswer;
				PRODUCT_NAME = "$(TARGET_NAME)";
				SWIFT_VERSION = 4.2;
				TARGETED_DEVICE_FAMILY = "1,2";
			};
			name = Debug;
		};
		CA02B2BA21EE745E00487737 /* Release */ = {
			isa = XCBuildConfiguration;
			buildSettings = {
				ASSETCATALOG_COMPILER_APPICON_NAME = AppIcon;
				CODE_SIGN_STYLE = Automatic;
				INFOPLIST_FILE = QuestionAndAnswer/Info.plist;
				LD_RUNPATH_SEARCH_PATHS = (
					"$(inherited)",
					"@executable_path/Frameworks",
				);
				PRODUCT_BUNDLE_IDENTIFIER = com.rabbitholefashion.QuestionAndAnswer;
				PRODUCT_NAME = "$(TARGET_NAME)";
				SWIFT_VERSION = 4.2;
				TARGETED_DEVICE_FAMILY = "1,2";
			};
			name = Release;
		};
/* End XCBuildConfiguration section */

/* Begin XCConfigurationList section */
		CA02B2A121EE745D00487737 /* Build configuration list for PBXProject "QuestionAndAnswer" */ = {
			isa = XCConfigurationList;
			buildConfigurations = (
				CA02B2B621EE745E00487737 /* Debug */,
				CA02B2B721EE745E00487737 /* Release */,
			);
			defaultConfigurationIsVisible = 0;
			defaultConfigurationName = Release;
		};
		CA02B2B821EE745E00487737 /* Build configuration list for PBXNativeTarget "QuestionAndAnswer" */ = {
			isa = XCConfigurationList;
			buildConfigurations = (
				CA02B2B921EE745E00487737 /* Debug */,
				CA02B2BA21EE745E00487737 /* Release */,
			);
			defaultConfigurationIsVisible = 0;
			defaultConfigurationName = Release;
		};
/* End XCConfigurationList section */
	};
	rootObject = CA02B29E21EE745D00487737 /* Project object */;
}
